
Microsoft Visual Studio Solution File, Format Version 12.00
# Visual Studio 15
VisualStudioVersion = 15.0.28307.1300
MinimumVisualStudioVersion = 10.0.40219.1
Project("{FAE04EC0-301F-11D3-BF4B-00C04F79EFBC}") = "Akoustis90142UI", "Akoustis90142UI\Akoustis90142UI.csproj", "{58D39D29-9946-49CF-9B62-8E153A7C03CD}"
EndProject
Project("{FAE04EC0-301F-11D3-BF4B-00C04F79EFBC}") = "Laborare.Core", "Laborare.Core\Laborare.Core.csproj", "{4F398A19-3003-4A9E-9091-D5689C83F153}"
EndProject
Global
	GlobalSection(SolutionConfigurationPlatforms) = preSolution
		Debug|Any CPU = Debug|Any CPU
		Release|Any CPU = Release|Any CPU
	EndGlobalSection
	GlobalSection(ProjectConfigurationPlatforms) = postSolution
		{58D39D29-9946-49CF-9B62-8E153A7C03CD}.Debug|Any CPU.ActiveCfg = Debug|Any CPU
		{58D39D29-9946-49CF-9B62-8E153A7C03CD}.Debug|Any CPU.Build.0 = Debug|Any CPU
		{58D39D29-9946-49CF-9B62-8E153A7C03CD}.Release|Any CPU.ActiveCfg = Release|Any CPU
		{58D39D29-9946-49CF-9B62-8E153A7C03CD}.Release|Any CPU.Build.0 = Release|Any CPU
		{4F398A19-3003-4A9E-9091-D5689C83F153}.Debug|Any CPU.ActiveCfg = Debug|Any CPU
		{4F398A19-3003-4A9E-9091-D5689C83F153}.Debug|Any CPU.Build.0 = Debug|Any CPU
		{4F398A19-3003-4A9E-9091-D5689C83F153}.Release|Any CPU.ActiveCfg = Release|Any CPU
		{4F398A19-3003-4A9E-9091-D5689C83F153}.Release|Any CPU.Build.0 = Release|Any CPU
	EndGlobalSection
	GlobalSection(SolutionProperties) = preSolution
		HideSolutionNode = FALSE
	EndGlobalSection
	GlobalSection(ExtensibilityGlobals) = postSolution
		SolutionGuid = {7B144B6D-7388-4AE3-9E0D-86082021166C}
	EndGlobalSection
EndGlobal
